// !$*UTF8*$!
{
	archiveVersion = 1;
	classes = {
	};
	objectVersion = 46;
	objects = {

/* Begin PBXBuildFile section */
		3E0A8FA01D76FEA1008E3B9D /* RecurringExpense.swift in Sources */ = {isa = PBXBuildFile; fileRef = 3E0A8F9F1D76FEA1008E3B9D /* RecurringExpense.swift */; };
		3E0A8FA21D76FFB1008E3B9D /* CloudKitManager.swift in Sources */ = {isa = PBXBuildFile; fileRef = 3E0A8FA11D76FFB1008E3B9D /* CloudKitManager.swift */; };
		3E0A8FAC1D77AD60008E3B9D /* ExpenseManager.swift in Sources */ = {isa = PBXBuildFile; fileRef = 3E0A8FAB1D77AD60008E3B9D /* ExpenseManager.swift */; };
		3E0A8FAE1D77BC4E008E3B9D /* AddExpenseViewController.swift in Sources */ = {isa = PBXBuildFile; fileRef = 3E0A8FAD1D77BC4E008E3B9D /* AddExpenseViewController.swift */; };
		3E0A8FB01D77D053008E3B9D /* CategoryManager.swift in Sources */ = {isa = PBXBuildFile; fileRef = 3E0A8FAF1D77D052008E3B9D /* CategoryManager.swift */; };
		3E0A8FB21D77D3E5008E3B9D /* IntervalManager.swift in Sources */ = {isa = PBXBuildFile; fileRef = 3E0A8FB11D77D3E5008E3B9D /* IntervalManager.swift */; };
		3E0A8FB41D77E621008E3B9D /* ErrorManager.swift in Sources */ = {isa = PBXBuildFile; fileRef = 3E0A8FB31D77E621008E3B9D /* ErrorManager.swift */; };
		3E0A8FBB1D7BB7FD008E3B9D /* NotificationCenter.framework in Frameworks */ = {isa = PBXBuildFile; fileRef = 3E0A8FBA1D7BB7FD008E3B9D /* NotificationCenter.framework */; };
		3E0A8FBE1D7BB7FD008E3B9D /* TodayViewController.swift in Sources */ = {isa = PBXBuildFile; fileRef = 3E0A8FBD1D7BB7FD008E3B9D /* TodayViewController.swift */; };
		3E0A8FC11D7BB7FD008E3B9D /* MainInterface.storyboard in Resources */ = {isa = PBXBuildFile; fileRef = 3E0A8FBF1D7BB7FD008E3B9D /* MainInterface.storyboard */; };
		3E0A8FC51D7BB7FD008E3B9D /* Today's Split.appex in Embed App Extensions */ = {isa = PBXBuildFile; fileRef = 3E0A8FB91D7BB7FD008E3B9D /* Today's Split.appex */; settings = {ATTRIBUTES = (RemoveHeadersOnCopy, ); }; };
		3E0A8FCA1D7BBA71008E3B9D /* CloudKitManager.swift in Sources */ = {isa = PBXBuildFile; fileRef = 3E0A8FA11D76FFB1008E3B9D /* CloudKitManager.swift */; };
		3E0A8FCB1D7BBD88008E3B9D /* ExpenseKeys.swift in Sources */ = {isa = PBXBuildFile; fileRef = 3EF8F8A31D768AB800324861 /* ExpenseKeys.swift */; };
		3E0A8FCC1D7BBD88008E3B9D /* Spender.swift in Sources */ = {isa = PBXBuildFile; fileRef = 3EF8F8A51D768AE100324861 /* Spender.swift */; };
		3E0A8FCD1D7BBD8E008E3B9D /* Expense.swift in Sources */ = {isa = PBXBuildFile; fileRef = 3EF8F8A71D768AF000324861 /* Expense.swift */; };
		3E0A8FCE1D7BBD8E008E3B9D /* RecurringExpense.swift in Sources */ = {isa = PBXBuildFile; fileRef = 3E0A8F9F1D76FEA1008E3B9D /* RecurringExpense.swift */; };
		3E0A8FCF1D7BBD92008E3B9D /* ExpenseManager.swift in Sources */ = {isa = PBXBuildFile; fileRef = 3E0A8FAB1D77AD60008E3B9D /* ExpenseManager.swift */; };
		3EAF2C2C1D7BCAEE008EB317 /* CloudKit.framework in Frameworks */ = {isa = PBXBuildFile; fileRef = 3EF8F8A11D767F4000324861 /* CloudKit.framework */; };
		3EF8F8721D76705600324861 /* AppDelegate.swift in Sources */ = {isa = PBXBuildFile; fileRef = 3EF8F8711D76705600324861 /* AppDelegate.swift */; };
		3EF8F8741D76705600324861 /* SnapshotViewController.swift in Sources */ = {isa = PBXBuildFile; fileRef = 3EF8F8731D76705600324861 /* SnapshotViewController.swift */; };
		3EF8F8771D76705600324861 /* Main.storyboard in Resources */ = {isa = PBXBuildFile; fileRef = 3EF8F8751D76705600324861 /* Main.storyboard */; };
		3EF8F8791D76705600324861 /* Assets.xcassets in Resources */ = {isa = PBXBuildFile; fileRef = 3EF8F8781D76705600324861 /* Assets.xcassets */; };
		3EF8F87C1D76705600324861 /* LaunchScreen.storyboard in Resources */ = {isa = PBXBuildFile; fileRef = 3EF8F87A1D76705600324861 /* LaunchScreen.storyboard */; };
		3EF8F8871D76705600324861 /* Spending_Splitter_2_0Tests.swift in Sources */ = {isa = PBXBuildFile; fileRef = 3EF8F8861D76705600324861 /* Spending_Splitter_2_0Tests.swift */; };
		3EF8F8921D76705600324861 /* Spending_Splitter_2_0UITests.swift in Sources */ = {isa = PBXBuildFile; fileRef = 3EF8F8911D76705600324861 /* Spending_Splitter_2_0UITests.swift */; };
		3EF8F8A21D767F4000324861 /* CloudKit.framework in Frameworks */ = {isa = PBXBuildFile; fileRef = 3EF8F8A11D767F4000324861 /* CloudKit.framework */; };
		3EF8F8A41D768AB800324861 /* ExpenseKeys.swift in Sources */ = {isa = PBXBuildFile; fileRef = 3EF8F8A31D768AB800324861 /* ExpenseKeys.swift */; };
		3EF8F8A61D768AE100324861 /* Spender.swift in Sources */ = {isa = PBXBuildFile; fileRef = 3EF8F8A51D768AE100324861 /* Spender.swift */; };
		3EF8F8A81D768AF000324861 /* Expense.swift in Sources */ = {isa = PBXBuildFile; fileRef = 3EF8F8A71D768AF000324861 /* Expense.swift */; };
/* End PBXBuildFile section */

/* Begin PBXContainerItemProxy section */
		3E0A8FC31D7BB7FD008E3B9D /* PBXContainerItemProxy */ = {
			isa = PBXContainerItemProxy;
			containerPortal = 3EF8F8661D76705600324861 /* Project object */;
			proxyType = 1;
			remoteGlobalIDString = 3E0A8FB81D7BB7FD008E3B9D;
			remoteInfo = "Today's Split";
		};
		3EF8F8831D76705600324861 /* PBXContainerItemProxy */ = {
			isa = PBXContainerItemProxy;
			containerPortal = 3EF8F8661D76705600324861 /* Project object */;
			proxyType = 1;
			remoteGlobalIDString = 3EF8F86D1D76705600324861;
			remoteInfo = "Spending Splitter 2.0";
		};
		3EF8F88E1D76705600324861 /* PBXContainerItemProxy */ = {
			isa = PBXContainerItemProxy;
			containerPortal = 3EF8F8661D76705600324861 /* Project object */;
			proxyType = 1;
			remoteGlobalIDString = 3EF8F86D1D76705600324861;
			remoteInfo = "Spending Splitter 2.0";
		};
/* End PBXContainerItemProxy section */

/* Begin PBXCopyFilesBuildPhase section */
		3E0A8FC91D7BB7FD008E3B9D /* Embed App Extensions */ = {
			isa = PBXCopyFilesBuildPhase;
			buildActionMask = 2147483647;
			dstPath = "";
			dstSubfolderSpec = 13;
			files = (
				3E0A8FC51D7BB7FD008E3B9D /* Today's Split.appex in Embed App Extensions */,
			);
			name = "Embed App Extensions";
			runOnlyForDeploymentPostprocessing = 0;
		};
/* End PBXCopyFilesBuildPhase section */

/* Begin PBXFileReference section */
		3E0A8F9F1D76FEA1008E3B9D /* RecurringExpense.swift */ = {isa = PBXFileReference; fileEncoding = 4; lastKnownFileType = sourcecode.swift; path = RecurringExpense.swift; sourceTree = "<group>"; };
		3E0A8FA11D76FFB1008E3B9D /* CloudKitManager.swift */ = {isa = PBXFileReference; fileEncoding = 4; lastKnownFileType = sourcecode.swift; path = CloudKitManager.swift; sourceTree = "<group>"; };
		3E0A8FAB1D77AD60008E3B9D /* ExpenseManager.swift */ = {isa = PBXFileReference; fileEncoding = 4; lastKnownFileType = sourcecode.swift; path = ExpenseManager.swift; sourceTree = "<group>"; };
		3E0A8FAD1D77BC4E008E3B9D /* AddExpenseViewController.swift */ = {isa = PBXFileReference; fileEncoding = 4; lastKnownFileType = sourcecode.swift; path = AddExpenseViewController.swift; sourceTree = "<group>"; };
		3E0A8FAF1D77D052008E3B9D /* CategoryManager.swift */ = {isa = PBXFileReference; fileEncoding = 4; lastKnownFileType = sourcecode.swift; path = CategoryManager.swift; sourceTree = "<group>"; };
		3E0A8FB11D77D3E5008E3B9D /* IntervalManager.swift */ = {isa = PBXFileReference; fileEncoding = 4; lastKnownFileType = sourcecode.swift; path = IntervalManager.swift; sourceTree = "<group>"; };
		3E0A8FB31D77E621008E3B9D /* ErrorManager.swift */ = {isa = PBXFileReference; fileEncoding = 4; lastKnownFileType = sourcecode.swift; path = ErrorManager.swift; sourceTree = "<group>"; };
		3E0A8FB91D7BB7FD008E3B9D /* Today's Split.appex */ = {isa = PBXFileReference; explicitFileType = "wrapper.app-extension"; includeInIndex = 0; path = "Today's Split.appex"; sourceTree = BUILT_PRODUCTS_DIR; };
		3E0A8FBA1D7BB7FD008E3B9D /* NotificationCenter.framework */ = {isa = PBXFileReference; lastKnownFileType = wrapper.framework; name = NotificationCenter.framework; path = System/Library/Frameworks/NotificationCenter.framework; sourceTree = SDKROOT; };
		3E0A8FBD1D7BB7FD008E3B9D /* TodayViewController.swift */ = {isa = PBXFileReference; lastKnownFileType = sourcecode.swift; path = TodayViewController.swift; sourceTree = "<group>"; };
		3E0A8FC01D7BB7FD008E3B9D /* Base */ = {isa = PBXFileReference; lastKnownFileType = file.storyboard; name = Base; path = Base.lproj/MainInterface.storyboard; sourceTree = "<group>"; };
		3E0A8FC21D7BB7FD008E3B9D /* Info.plist */ = {isa = PBXFileReference; lastKnownFileType = text.plist.xml; path = Info.plist; sourceTree = "<group>"; };
		3EAF2C2B1D7BCAEA008EB317 /* Today's Split.entitlements */ = {isa = PBXFileReference; lastKnownFileType = text.plist.entitlements; path = "Today's Split.entitlements"; sourceTree = "<group>"; };
		3EF8F86E1D76705600324861 /* Spending Splitter 2.0.app */ = {isa = PBXFileReference; explicitFileType = wrapper.application; includeInIndex = 0; path = "Spending Splitter 2.0.app"; sourceTree = BUILT_PRODUCTS_DIR; };
		3EF8F8711D76705600324861 /* AppDelegate.swift */ = {isa = PBXFileReference; lastKnownFileType = sourcecode.swift; path = AppDelegate.swift; sourceTree = "<group>"; };
		3EF8F8731D76705600324861 /* SnapshotViewController.swift */ = {isa = PBXFileReference; lastKnownFileType = sourcecode.swift; path = SnapshotViewController.swift; sourceTree = "<group>"; };
		3EF8F8761D76705600324861 /* Base */ = {isa = PBXFileReference; lastKnownFileType = file.storyboard; name = Base; path = Base.lproj/Main.storyboard; sourceTree = "<group>"; };
		3EF8F8781D76705600324861 /* Assets.xcassets */ = {isa = PBXFileReference; lastKnownFileType = folder.assetcatalog; path = Assets.xcassets; sourceTree = "<group>"; };
		3EF8F87B1D76705600324861 /* Base */ = {isa = PBXFileReference; lastKnownFileType = file.storyboard; name = Base; path = Base.lproj/LaunchScreen.storyboard; sourceTree = "<group>"; };
		3EF8F87D1D76705600324861 /* Info.plist */ = {isa = PBXFileReference; lastKnownFileType = text.plist.xml; path = Info.plist; sourceTree = "<group>"; };
		3EF8F8821D76705600324861 /* Spending Splitter 2.0Tests.xctest */ = {isa = PBXFileReference; explicitFileType = wrapper.cfbundle; includeInIndex = 0; path = "Spending Splitter 2.0Tests.xctest"; sourceTree = BUILT_PRODUCTS_DIR; };
		3EF8F8861D76705600324861 /* Spending_Splitter_2_0Tests.swift */ = {isa = PBXFileReference; lastKnownFileType = sourcecode.swift; path = Spending_Splitter_2_0Tests.swift; sourceTree = "<group>"; };
		3EF8F8881D76705600324861 /* Info.plist */ = {isa = PBXFileReference; lastKnownFileType = text.plist.xml; path = Info.plist; sourceTree = "<group>"; };
		3EF8F88D1D76705600324861 /* Spending Splitter 2.0UITests.xctest */ = {isa = PBXFileReference; explicitFileType = wrapper.cfbundle; includeInIndex = 0; path = "Spending Splitter 2.0UITests.xctest"; sourceTree = BUILT_PRODUCTS_DIR; };
		3EF8F8911D76705600324861 /* Spending_Splitter_2_0UITests.swift */ = {isa = PBXFileReference; lastKnownFileType = sourcecode.swift; path = Spending_Splitter_2_0UITests.swift; sourceTree = "<group>"; };
		3EF8F8931D76705600324861 /* Info.plist */ = {isa = PBXFileReference; lastKnownFileType = text.plist.xml; path = Info.plist; sourceTree = "<group>"; };
		3EF8F89F1D767F3D00324861 /* Spending Splitter 2.0.entitlements */ = {isa = PBXFileReference; lastKnownFileType = text.plist.entitlements; path = "Spending Splitter 2.0.entitlements"; sourceTree = "<group>"; };
		3EF8F8A11D767F4000324861 /* CloudKit.framework */ = {isa = PBXFileReference; lastKnownFileType = wrapper.framework; name = CloudKit.framework; path = System/Library/Frameworks/CloudKit.framework; sourceTree = SDKROOT; };
		3EF8F8A31D768AB800324861 /* ExpenseKeys.swift */ = {isa = PBXFileReference; fileEncoding = 4; lastKnownFileType = sourcecode.swift; path = ExpenseKeys.swift; sourceTree = "<group>"; };
		3EF8F8A51D768AE100324861 /* Spender.swift */ = {isa = PBXFileReference; fileEncoding = 4; lastKnownFileType = sourcecode.swift; path = Spender.swift; sourceTree = "<group>"; };
		3EF8F8A71D768AF000324861 /* Expense.swift */ = {isa = PBXFileReference; fileEncoding = 4; lastKnownFileType = sourcecode.swift; path = Expense.swift; sourceTree = "<group>"; };
/* End PBXFileReference section */

/* Begin PBXFrameworksBuildPhase section */
		3E0A8FB61D7BB7FD008E3B9D /* Frameworks */ = {
			isa = PBXFrameworksBuildPhase;
			buildActionMask = 2147483647;
			files = (
				3E0A8FBB1D7BB7FD008E3B9D /* NotificationCenter.framework in Frameworks */,
				3EAF2C2C1D7BCAEE008EB317 /* CloudKit.framework in Frameworks */,
			);
			runOnlyForDeploymentPostprocessing = 0;
		};
		3EF8F86B1D76705600324861 /* Frameworks */ = {
			isa = PBXFrameworksBuildPhase;
			buildActionMask = 2147483647;
			files = (
				3EF8F8A21D767F4000324861 /* CloudKit.framework in Frameworks */,
			);
			runOnlyForDeploymentPostprocessing = 0;
		};
		3EF8F87F1D76705600324861 /* Frameworks */ = {
			isa = PBXFrameworksBuildPhase;
			buildActionMask = 2147483647;
			files = (
			);
			runOnlyForDeploymentPostprocessing = 0;
		};
		3EF8F88A1D76705600324861 /* Frameworks */ = {
			isa = PBXFrameworksBuildPhase;
			buildActionMask = 2147483647;
			files = (
			);
			runOnlyForDeploymentPostprocessing = 0;
		};
/* End PBXFrameworksBuildPhase section */

/* Begin PBXGroup section */
		3E0A8FA71D77A70C008E3B9D /* Keys */ = {
			isa = PBXGroup;
			children = (
				3EF8F8A31D768AB800324861 /* ExpenseKeys.swift */,
				3EF8F8A51D768AE100324861 /* Spender.swift */,
			);
			name = Keys;
			sourceTree = "<group>";
		};
		3E0A8FA81D77A714008E3B9D /* Data Objects */ = {
			isa = PBXGroup;
			children = (
				3EF8F8A71D768AF000324861 /* Expense.swift */,
				3E0A8F9F1D76FEA1008E3B9D /* RecurringExpense.swift */,
			);
			name = "Data Objects";
			sourceTree = "<group>";
		};
		3E0A8FA91D77A791008E3B9D /* Managers */ = {
			isa = PBXGroup;
			children = (
				3E0A8FA11D76FFB1008E3B9D /* CloudKitManager.swift */,
				3E0A8FAB1D77AD60008E3B9D /* ExpenseManager.swift */,
				3E0A8FAF1D77D052008E3B9D /* CategoryManager.swift */,
				3E0A8FB11D77D3E5008E3B9D /* IntervalManager.swift */,
				3E0A8FB31D77E621008E3B9D /* ErrorManager.swift */,
			);
			name = Managers;
			sourceTree = "<group>";
		};
		3E0A8FAA1D77A7AA008E3B9D /* ViewControllers */ = {
			isa = PBXGroup;
			children = (
				3EF8F8731D76705600324861 /* SnapshotViewController.swift */,
				3E0A8FAD1D77BC4E008E3B9D /* AddExpenseViewController.swift */,
			);
			name = ViewControllers;
			sourceTree = "<group>";
		};
		3E0A8FBC1D7BB7FD008E3B9D /* Today's Split */ = {
			isa = PBXGroup;
			children = (
				3EAF2C2B1D7BCAEA008EB317 /* Today's Split.entitlements */,
				3E0A8FBD1D7BB7FD008E3B9D /* TodayViewController.swift */,
				3E0A8FBF1D7BB7FD008E3B9D /* MainInterface.storyboard */,
				3E0A8FC21D7BB7FD008E3B9D /* Info.plist */,
			);
			path = "Today's Split";
			sourceTree = "<group>";
		};
		3EF8F8651D76705600324861 = {
			isa = PBXGroup;
			children = (
				3EF8F8701D76705600324861 /* Spending Splitter 2.0 */,
				3EF8F8851D76705600324861 /* Spending Splitter 2.0Tests */,
				3EF8F8901D76705600324861 /* Spending Splitter 2.0UITests */,
				3E0A8FBC1D7BB7FD008E3B9D /* Today's Split */,
				3EF8F86F1D76705600324861 /* Products */,
				3EF8F8A01D767F4000324861 /* Frameworks */,
			);
			sourceTree = "<group>";
		};
		3EF8F86F1D76705600324861 /* Products */ = {
			isa = PBXGroup;
			children = (
				3EF8F86E1D76705600324861 /* Spending Splitter 2.0.app */,
				3EF8F8821D76705600324861 /* Spending Splitter 2.0Tests.xctest */,
				3EF8F88D1D76705600324861 /* Spending Splitter 2.0UITests.xctest */,
				3E0A8FB91D7BB7FD008E3B9D /* Today's Split.appex */,
			);
			name = Products;
			sourceTree = "<group>";
		};
		3EF8F8701D76705600324861 /* Spending Splitter 2.0 */ = {
			isa = PBXGroup;
			children = (
				3EF8F89F1D767F3D00324861 /* Spending Splitter 2.0.entitlements */,
				3EF8F8711D76705600324861 /* AppDelegate.swift */,
				3E0A8FAA1D77A7AA008E3B9D /* ViewControllers */,
				3E0A8FA71D77A70C008E3B9D /* Keys */,
				3E0A8FA81D77A714008E3B9D /* Data Objects */,
				3E0A8FA91D77A791008E3B9D /* Managers */,
				3EF8F8751D76705600324861 /* Main.storyboard */,
				3EF8F8781D76705600324861 /* Assets.xcassets */,
				3EF8F87A1D76705600324861 /* LaunchScreen.storyboard */,
				3EF8F87D1D76705600324861 /* Info.plist */,
			);
			path = "Spending Splitter 2.0";
			sourceTree = "<group>";
		};
		3EF8F8851D76705600324861 /* Spending Splitter 2.0Tests */ = {
			isa = PBXGroup;
			children = (
				3EF8F8861D76705600324861 /* Spending_Splitter_2_0Tests.swift */,
				3EF8F8881D76705600324861 /* Info.plist */,
			);
			path = "Spending Splitter 2.0Tests";
			sourceTree = "<group>";
		};
		3EF8F8901D76705600324861 /* Spending Splitter 2.0UITests */ = {
			isa = PBXGroup;
			children = (
				3EF8F8911D76705600324861 /* Spending_Splitter_2_0UITests.swift */,
				3EF8F8931D76705600324861 /* Info.plist */,
			);
			path = "Spending Splitter 2.0UITests";
			sourceTree = "<group>";
		};
		3EF8F8A01D767F4000324861 /* Frameworks */ = {
			isa = PBXGroup;
			children = (
				3EF8F8A11D767F4000324861 /* CloudKit.framework */,
				3E0A8FBA1D7BB7FD008E3B9D /* NotificationCenter.framework */,
			);
			name = Frameworks;
			sourceTree = "<group>";
		};
/* End PBXGroup section */

/* Begin PBXNativeTarget section */
		3E0A8FB81D7BB7FD008E3B9D /* Today's Split */ = {
			isa = PBXNativeTarget;
			buildConfigurationList = 3E0A8FC61D7BB7FD008E3B9D /* Build configuration list for PBXNativeTarget "Today's Split" */;
			buildPhases = (
				3E0A8FB51D7BB7FD008E3B9D /* Sources */,
				3E0A8FB61D7BB7FD008E3B9D /* Frameworks */,
				3E0A8FB71D7BB7FD008E3B9D /* Resources */,
			);
			buildRules = (
			);
			dependencies = (
			);
			name = "Today's Split";
			productName = "Today's Split";
			productReference = 3E0A8FB91D7BB7FD008E3B9D /* Today's Split.appex */;
			productType = "com.apple.product-type.app-extension";
		};
		3EF8F86D1D76705600324861 /* Spending Splitter 2.0 */ = {
			isa = PBXNativeTarget;
			buildConfigurationList = 3EF8F8961D76705600324861 /* Build configuration list for PBXNativeTarget "Spending Splitter 2.0" */;
			buildPhases = (
				3EF8F86A1D76705600324861 /* Sources */,
				3EF8F86B1D76705600324861 /* Frameworks */,
				3EF8F86C1D76705600324861 /* Resources */,
				3E0A8FC91D7BB7FD008E3B9D /* Embed App Extensions */,
			);
			buildRules = (
			);
			dependencies = (
				3E0A8FC41D7BB7FD008E3B9D /* PBXTargetDependency */,
			);
			name = "Spending Splitter 2.0";
			productName = "Spending Splitter 2.0";
			productReference = 3EF8F86E1D76705600324861 /* Spending Splitter 2.0.app */;
			productType = "com.apple.product-type.application";
		};
		3EF8F8811D76705600324861 /* Spending Splitter 2.0Tests */ = {
			isa = PBXNativeTarget;
			buildConfigurationList = 3EF8F8991D76705600324861 /* Build configuration list for PBXNativeTarget "Spending Splitter 2.0Tests" */;
			buildPhases = (
				3EF8F87E1D76705600324861 /* Sources */,
				3EF8F87F1D76705600324861 /* Frameworks */,
				3EF8F8801D76705600324861 /* Resources */,
			);
			buildRules = (
			);
			dependencies = (
				3EF8F8841D76705600324861 /* PBXTargetDependency */,
			);
			name = "Spending Splitter 2.0Tests";
			productName = "Spending Splitter 2.0Tests";
			productReference = 3EF8F8821D76705600324861 /* Spending Splitter 2.0Tests.xctest */;
			productType = "com.apple.product-type.bundle.unit-test";
		};
		3EF8F88C1D76705600324861 /* Spending Splitter 2.0UITests */ = {
			isa = PBXNativeTarget;
			buildConfigurationList = 3EF8F89C1D76705600324861 /* Build configuration list for PBXNativeTarget "Spending Splitter 2.0UITests" */;
			buildPhases = (
				3EF8F8891D76705600324861 /* Sources */,
				3EF8F88A1D76705600324861 /* Frameworks */,
				3EF8F88B1D76705600324861 /* Resources */,
			);
			buildRules = (
			);
			dependencies = (
				3EF8F88F1D76705600324861 /* PBXTargetDependency */,
			);
			name = "Spending Splitter 2.0UITests";
			productName = "Spending Splitter 2.0UITests";
			productReference = 3EF8F88D1D76705600324861 /* Spending Splitter 2.0UITests.xctest */;
			productType = "com.apple.product-type.bundle.ui-testing";
		};
/* End PBXNativeTarget section */

/* Begin PBXProject section */
		3EF8F8661D76705600324861 /* Project object */ = {
			isa = PBXProject;
			attributes = {
				LastSwiftUpdateCheck = 0800;
				LastUpgradeCheck = 0800;
				ORGANIZATIONNAME = "Calvin Chestnut";
				TargetAttributes = {
					3E0A8FB81D7BB7FD008E3B9D = {
						CreatedOnToolsVersion = 8.0;
						DevelopmentTeam = VDWJ8UMBJ6;
						ProvisioningStyle = Automatic;
						SystemCapabilities = {
							com.apple.Push = {
								enabled = 1;
							};
							com.apple.iCloud = {
								enabled = 1;
							};
						};
					};
					3EF8F86D1D76705600324861 = {
						CreatedOnToolsVersion = 8.0;
						DevelopmentTeam = VDWJ8UMBJ6;
						ProvisioningStyle = Automatic;
						SystemCapabilities = {
							com.apple.Push = {
								enabled = 1;
							};
							com.apple.iCloud = {
								enabled = 1;
							};
						};
					};
					3EF8F8811D76705600324861 = {
						CreatedOnToolsVersion = 8.0;
						DevelopmentTeam = VDWJ8UMBJ6;
						ProvisioningStyle = Automatic;
						TestTargetID = 3EF8F86D1D76705600324861;
					};
					3EF8F88C1D76705600324861 = {
						CreatedOnToolsVersion = 8.0;
						DevelopmentTeam = VDWJ8UMBJ6;
						ProvisioningStyle = Automatic;
						TestTargetID = 3EF8F86D1D76705600324861;
					};
				};
			};
			buildConfigurationList = 3EF8F8691D76705600324861 /* Build configuration list for PBXProject "Spending Splitter 2.0" */;
			compatibilityVersion = "Xcode 3.2";
			developmentRegion = English;
			hasScannedForEncodings = 0;
			knownRegions = (
				en,
				Base,
			);
			mainGroup = 3EF8F8651D76705600324861;
			productRefGroup = 3EF8F86F1D76705600324861 /* Products */;
			projectDirPath = "";
			projectRoot = "";
			targets = (
				3EF8F86D1D76705600324861 /* Spending Splitter 2.0 */,
				3EF8F8811D76705600324861 /* Spending Splitter 2.0Tests */,
				3EF8F88C1D76705600324861 /* Spending Splitter 2.0UITests */,
				3E0A8FB81D7BB7FD008E3B9D /* Today's Split */,
			);
		};
/* End PBXProject section */

/* Begin PBXResourcesBuildPhase section */
		3E0A8FB71D7BB7FD008E3B9D /* Resources */ = {
			isa = PBXResourcesBuildPhase;
			buildActionMask = 2147483647;
			files = (
				3E0A8FC11D7BB7FD008E3B9D /* MainInterface.storyboard in Resources */,
			);
			runOnlyForDeploymentPostprocessing = 0;
		};
		3EF8F86C1D76705600324861 /* Resources */ = {
			isa = PBXResourcesBuildPhase;
			buildActionMask = 2147483647;
			files = (
				3EF8F87C1D76705600324861 /* LaunchScreen.storyboard in Resources */,
				3EF8F8791D76705600324861 /* Assets.xcassets in Resources */,
				3EF8F8771D76705600324861 /* Main.storyboard in Resources */,
			);
			runOnlyForDeploymentPostprocessing = 0;
		};
		3EF8F8801D76705600324861 /* Resources */ = {
			isa = PBXResourcesBuildPhase;
			buildActionMask = 2147483647;
			files = (
			);
			runOnlyForDeploymentPostprocessing = 0;
		};
		3EF8F88B1D76705600324861 /* Resources */ = {
			isa = PBXResourcesBuildPhase;
			buildActionMask = 2147483647;
			files = (
			);
			runOnlyForDeploymentPostprocessing = 0;
		};
/* End PBXResourcesBuildPhase section */

/* Begin PBXSourcesBuildPhase section */
		3E0A8FB51D7BB7FD008E3B9D /* Sources */ = {
			isa = PBXSourcesBuildPhase;
			buildActionMask = 2147483647;
			files = (
				3E0A8FCA1D7BBA71008E3B9D /* CloudKitManager.swift in Sources */,
				3E0A8FCF1D7BBD92008E3B9D /* ExpenseManager.swift in Sources */,
				3E0A8FCC1D7BBD88008E3B9D /* Spender.swift in Sources */,
				3E0A8FCE1D7BBD8E008E3B9D /* RecurringExpense.swift in Sources */,
				3E0A8FBE1D7BB7FD008E3B9D /* TodayViewController.swift in Sources */,
				3E0A8FCB1D7BBD88008E3B9D /* ExpenseKeys.swift in Sources */,
				3E0A8FCD1D7BBD8E008E3B9D /* Expense.swift in Sources */,
			);
			runOnlyForDeploymentPostprocessing = 0;
		};
		3EF8F86A1D76705600324861 /* Sources */ = {
			isa = PBXSourcesBuildPhase;
			buildActionMask = 2147483647;
			files = (
				3EF8F8741D76705600324861 /* SnapshotViewController.swift in Sources */,
				3EF8F8A61D768AE100324861 /* Spender.swift in Sources */,
				3E0A8FAC1D77AD60008E3B9D /* ExpenseManager.swift in Sources */,
				3E0A8FA01D76FEA1008E3B9D /* RecurringExpense.swift in Sources */,
				3E0A8FAE1D77BC4E008E3B9D /* AddExpenseViewController.swift in Sources */,
				3E0A8FB01D77D053008E3B9D /* CategoryManager.swift in Sources */,
				3E0A8FB41D77E621008E3B9D /* ErrorManager.swift in Sources */,
				3EF8F8721D76705600324861 /* AppDelegate.swift in Sources */,
				3E0A8FB21D77D3E5008E3B9D /* IntervalManager.swift in Sources */,
				3E0A8FA21D76FFB1008E3B9D /* CloudKitManager.swift in Sources */,
				3EF8F8A41D768AB800324861 /* ExpenseKeys.swift in Sources */,
				3EF8F8A81D768AF000324861 /* Expense.swift in Sources */,
			);
			runOnlyForDeploymentPostprocessing = 0;
		};
		3EF8F87E1D76705600324861 /* Sources */ = {
			isa = PBXSourcesBuildPhase;
			buildActionMask = 2147483647;
			files = (
				3EF8F8871D76705600324861 /* Spending_Splitter_2_0Tests.swift in Sources */,
			);
			runOnlyForDeploymentPostprocessing = 0;
		};
		3EF8F8891D76705600324861 /* Sources */ = {
			isa = PBXSourcesBuildPhase;
			buildActionMask = 2147483647;
			files = (
				3EF8F8921D76705600324861 /* Spending_Splitter_2_0UITests.swift in Sources */,
			);
			runOnlyForDeploymentPostprocessing = 0;
		};
/* End PBXSourcesBuildPhase section */

/* Begin PBXTargetDependency section */
		3E0A8FC41D7BB7FD008E3B9D /* PBXTargetDependency */ = {
			isa = PBXTargetDependency;
			target = 3E0A8FB81D7BB7FD008E3B9D /* Today's Split */;
			targetProxy = 3E0A8FC31D7BB7FD008E3B9D /* PBXContainerItemProxy */;
		};
		3EF8F8841D76705600324861 /* PBXTargetDependency */ = {
			isa = PBXTargetDependency;
			target = 3EF8F86D1D76705600324861 /* Spending Splitter 2.0 */;
			targetProxy = 3EF8F8831D76705600324861 /* PBXContainerItemProxy */;
		};
		3EF8F88F1D76705600324861 /* PBXTargetDependency */ = {
			isa = PBXTargetDependency;
			target = 3EF8F86D1D76705600324861 /* Spending Splitter 2.0 */;
			targetProxy = 3EF8F88E1D76705600324861 /* PBXContainerItemProxy */;
		};
/* End PBXTargetDependency section */

/* Begin PBXVariantGroup section */
		3E0A8FBF1D7BB7FD008E3B9D /* MainInterface.storyboard */ = {
			isa = PBXVariantGroup;
			children = (
				3E0A8FC01D7BB7FD008E3B9D /* Base */,
			);
			name = MainInterface.storyboard;
			sourceTree = "<group>";
		};
		3EF8F8751D76705600324861 /* Main.storyboard */ = {
			isa = PBXVariantGroup;
			children = (
				3EF8F8761D76705600324861 /* Base */,
			);
			name = Main.storyboard;
			sourceTree = "<group>";
		};
		3EF8F87A1D76705600324861 /* LaunchScreen.storyboard */ = {
			isa = PBXVariantGroup;
			children = (
				3EF8F87B1D76705600324861 /* Base */,
			);
			name = LaunchScreen.storyboard;
			sourceTree = "<group>";
		};
/* End PBXVariantGroup section */

/* Begin XCBuildConfiguration section */
		3E0A8FC71D7BB7FD008E3B9D /* Debug */ = {
			isa = XCBuildConfiguration;
			buildSettings = {
				CODE_SIGN_ENTITLEMENTS = "Today's Split/Today's Split.entitlements";
				DEVELOPMENT_TEAM = VDWJ8UMBJ6;
				INFOPLIST_FILE = "Today's Split/Info.plist";
				LD_RUNPATH_SEARCH_PATHS = "$(inherited) @executable_path/Frameworks @executable_path/../../Frameworks";
				PRODUCT_BUNDLE_IDENTIFIER = "com.calvinchestnut.Spending-Splitter-2-0.Today-s-Split";
				PRODUCT_NAME = "$(TARGET_NAME)";
				SKIP_INSTALL = YES;
				SWIFT_VERSION = 3.0;
			};
			name = Debug;
		};
		3E0A8FC81D7BB7FD008E3B9D /* Release */ = {
			isa = XCBuildConfiguration;
			buildSettings = {
				CODE_SIGN_ENTITLEMENTS = "Today's Split/Today's Split.entitlements";
				DEVELOPMENT_TEAM = VDWJ8UMBJ6;
				INFOPLIST_FILE = "Today's Split/Info.plist";
				LD_RUNPATH_SEARCH_PATHS = "$(inherited) @executable_path/Frameworks @executable_path/../../Frameworks";
				PRODUCT_BUNDLE_IDENTIFIER = "com.calvinchestnut.Spending-Splitter-2-0.Today-s-Split";
				PRODUCT_NAME = "$(TARGET_NAME)";
				SKIP_INSTALL = YES;
				SWIFT_VERSION = 3.0;
			};
			name = Release;
		};
		3EF8F8941D76705600324861 /* Debug */ = {
			isa = XCBuildConfiguration;
			buildSettings = {
				ALWAYS_SEARCH_USER_PATHS = NO;
				CLANG_ANALYZER_NONNULL = YES;
				CLANG_CXX_LANGUAGE_STANDARD = "gnu++0x";
				CLANG_CXX_LIBRARY = "libc++";
				CLANG_ENABLE_MODULES = YES;
				CLANG_ENABLE_OBJC_ARC = YES;
				CLANG_WARN_BOOL_CONVERSION = YES;
				CLANG_WARN_CONSTANT_CONVERSION = YES;
				CLANG_WARN_DIRECT_OBJC_ISA_USAGE = YES_ERROR;
				CLANG_WARN_DOCUMENTATION_COMMENTS = YES;
				CLANG_WARN_EMPTY_BODY = YES;
				CLANG_WARN_ENUM_CONVERSION = YES;
				CLANG_WARN_INFINITE_RECURSION = YES;
				CLANG_WARN_INT_CONVERSION = YES;
				CLANG_WARN_OBJC_ROOT_CLASS = YES_ERROR;
				CLANG_WARN_SUSPICIOUS_MOVES = YES;
				CLANG_WARN_UNREACHABLE_CODE = YES;
				CLANG_WARN__DUPLICATE_METHOD_MATCH = YES;
				"CODE_SIGN_IDENTITY[sdk=iphoneos*]" = "iPhone Developer";
				COPY_PHASE_STRIP = NO;
				DEBUG_INFORMATION_FORMAT = dwarf;
				ENABLE_STRICT_OBJC_MSGSEND = YES;
				ENABLE_TESTABILITY = YES;
				GCC_C_LANGUAGE_STANDARD = gnu99;
				GCC_DYNAMIC_NO_PIC = NO;
				GCC_NO_COMMON_BLOCKS = YES;
				GCC_OPTIMIZATION_LEVEL = 0;
				GCC_PREPROCESSOR_DEFINITIONS = (
					"DEBUG=1",
					"$(inherited)",
				);
				GCC_WARN_64_TO_32_BIT_CONVERSION = YES;
				GCC_WARN_ABOUT_RETURN_TYPE = YES_ERROR;
				GCC_WARN_UNDECLARED_SELECTOR = YES;
				GCC_WARN_UNINITIALIZED_AUTOS = YES_AGGRESSIVE;
				GCC_WARN_UNUSED_FUNCTION = YES;
				GCC_WARN_UNUSED_VARIABLE = YES;
				IPHONEOS_DEPLOYMENT_TARGET = 10.0;
				MTL_ENABLE_DEBUG_INFO = YES;
				ONLY_ACTIVE_ARCH = YES;
				SDKROOT = iphoneos;
				SWIFT_ACTIVE_COMPILATION_CONDITIONS = DEBUG;
				SWIFT_OPTIMIZATION_LEVEL = "-Onone";
				TARGETED_DEVICE_FAMILY = "1,2";
			};
			name = Debug;
		};
		3EF8F8951D76705600324861 /* Release */ = {
			isa = XCBuildConfiguration;
			buildSettings = {
				ALWAYS_SEARCH_USER_PATHS = NO;
				CLANG_ANALYZER_NONNULL = YES;
				CLANG_CXX_LANGUAGE_STANDARD = "gnu++0x";
				CLANG_CXX_LIBRARY = "libc++";
				CLANG_ENABLE_MODULES = YES;
				CLANG_ENABLE_OBJC_ARC = YES;
				CLANG_WARN_BOOL_CONVERSION = YES;
				CLANG_WARN_CONSTANT_CONVERSION = YES;
				CLANG_WARN_DIRECT_OBJC_ISA_USAGE = YES_ERROR;
				CLANG_WARN_DOCUMENTATION_COMMENTS = YES;
				CLANG_WARN_EMPTY_BODY = YES;
				CLANG_WARN_ENUM_CONVERSION = YES;
				CLANG_WARN_INFINITE_RECURSION = YES;
				CLANG_WARN_INT_CONVERSION = YES;
				CLANG_WARN_OBJC_ROOT_CLASS = YES_ERROR;
				CLANG_WARN_SUSPICIOUS_MOVES = YES;
				CLANG_WARN_UNREACHABLE_CODE = YES;
				CLANG_WARN__DUPLICATE_METHOD_MATCH = YES;
				"CODE_SIGN_IDENTITY[sdk=iphoneos*]" = "iPhone Developer";
				COPY_PHASE_STRIP = NO;
				DEBUG_INFORMATION_FORMAT = "dwarf-with-dsym";
				ENABLE_NS_ASSERTIONS = NO;
				ENABLE_STRICT_OBJC_MSGSEND = YES;
				GCC_C_LANGUAGE_STANDARD = gnu99;
				GCC_NO_COMMON_BLOCKS = YES;
				GCC_WARN_64_TO_32_BIT_CONVERSION = YES;
				GCC_WARN_ABOUT_RETURN_TYPE = YES_ERROR;
				GCC_WARN_UNDECLARED_SELECTOR = YES;
				GCC_WARN_UNINITIALIZED_AUTOS = YES_AGGRESSIVE;
				GCC_WARN_UNUSED_FUNCTION = YES;
				GCC_WARN_UNUSED_VARIABLE = YES;
				IPHONEOS_DEPLOYMENT_TARGET = 10.0;
				MTL_ENABLE_DEBUG_INFO = NO;
				SDKROOT = iphoneos;
				SWIFT_OPTIMIZATION_LEVEL = "-Owholemodule";
				TARGETED_DEVICE_FAMILY = "1,2";
				VALIDATE_PRODUCT = YES;
			};
			name = Release;
		};
		3EF8F8971D76705600324861 /* Debug */ = {
			isa = XCBuildConfiguration;
			buildSettings = {
				ALWAYS_EMBED_SWIFT_STANDARD_LIBRARIES = YES;
				ASSETCATALOG_COMPILER_APPICON_NAME = AppIcon;
				CODE_SIGN_ENTITLEMENTS = "Spending Splitter 2.0/Spending Splitter 2.0.entitlements";
				"CODE_SIGN_IDENTITY[sdk=iphoneos*]" = "iPhone Developer";
				DEVELOPMENT_TEAM = VDWJ8UMBJ6;
				INFOPLIST_FILE = "Spending Splitter 2.0/Info.plist";
				LD_RUNPATH_SEARCH_PATHS = "$(inherited) @executable_path/Frameworks";
				PRODUCT_BUNDLE_IDENTIFIER = "com.calvinchestnut.Spending-Splitter-2-0";
				PRODUCT_NAME = "$(TARGET_NAME)";
				PROVISIONING_PROFILE = "";
				PROVISIONING_PROFILE_SPECIFIER = "";
				SWIFT_VERSION = 3.0;
			};
			name = Debug;
		};
		3EF8F8981D76705600324861 /* Release */ = {
			isa = XCBuildConfiguration;
			buildSettings = {
				ALWAYS_EMBED_SWIFT_STANDARD_LIBRARIES = YES;
				ASSETCATALOG_COMPILER_APPICON_NAME = AppIcon;
				CODE_SIGN_ENTITLEMENTS = "Spending Splitter 2.0/Spending Splitter 2.0.entitlements";
				"CODE_SIGN_IDENTITY[sdk=iphoneos*]" = "iPhone Developer";
				DEVELOPMENT_TEAM = VDWJ8UMBJ6;
				INFOPLIST_FILE = "Spending Splitter 2.0/Info.plist";
				LD_RUNPATH_SEARCH_PATHS = "$(inherited) @executable_path/Frameworks";
				PRODUCT_BUNDLE_IDENTIFIER = "com.calvinchestnut.Spending-Splitter-2-0";
				PRODUCT_NAME = "$(TARGET_NAME)";
				SWIFT_VERSION = 3.0;
			};
			name = Release;
		};
		3EF8F89A1D76705600324861 /* Debug */ = {
			isa = XCBuildConfiguration;
			buildSettings = {
				ALWAYS_EMBED_SWIFT_STANDARD_LIBRARIES = YES;
				BUNDLE_LOADER = "$(TEST_HOST)";
				DEVELOPMENT_TEAM = VDWJ8UMBJ6;
				INFOPLIST_FILE = "Spending Splitter 2.0Tests/Info.plist";
				LD_RUNPATH_SEARCH_PATHS = "$(inherited) @executable_path/Frameworks @loader_path/Frameworks";
				PRODUCT_BUNDLE_IDENTIFIER = "com.calvinchestnut.Spending-Splitter-2-0Tests";
				PRODUCT_NAME = "$(TARGET_NAME)";
				SWIFT_VERSION = 3.0;
				TEST_HOST = "$(BUILT_PRODUCTS_DIR)/Spending Splitter 2.0.app/Spending Splitter 2.0";
			};
			name = Debug;
		};
		3EF8F89B1D76705600324861 /* Release */ = {
			isa = XCBuildConfiguration;
			buildSettings = {
				ALWAYS_EMBED_SWIFT_STANDARD_LIBRARIES = YES;
				BUNDLE_LOADER = "$(TEST_HOST)";
				DEVELOPMENT_TEAM = VDWJ8UMBJ6;
				INFOPLIST_FILE = "Spending Splitter 2.0Tests/Info.plist";
				LD_RUNPATH_SEARCH_PATHS = "$(inherited) @executable_path/Frameworks @loader_path/Frameworks";
				PRODUCT_BUNDLE_IDENTIFIER = "com.calvinchestnut.Spending-Splitter-2-0Tests";
				PRODUCT_NAME = "$(TARGET_NAME)";
				SWIFT_VERSION = 3.0;
				TEST_HOST = "$(BUILT_PRODUCTS_DIR)/Spending Splitter 2.0.app/Spending Splitter 2.0";
			};
			name = Release;
		};
		3EF8F89D1D76705600324861 /* Debug */ = {
			isa = XCBuildConfiguration;
			buildSettings = {
				ALWAYS_EMBED_SWIFT_STANDARD_LIBRARIES = YES;
				DEVELOPMENT_TEAM = VDWJ8UMBJ6;
				INFOPLIST_FILE = "Spending Splitter 2.0UITests/Info.plist";
				LD_RUNPATH_SEARCH_PATHS = "$(inherited) @executable_path/Frameworks @loader_path/Frameworks";
				PRODUCT_BUNDLE_IDENTIFIER = "com.calvinchestnut.Spending-Splitter-2-0UITests";
				PRODUCT_NAME = "$(TARGET_NAME)";
				SWIFT_VERSION = 3.0;
				TEST_TARGET_NAME = "Spending Splitter 2.0";
			};
			name = Debug;
		};
		3EF8F89E1D76705600324861 /* Release */ = {
			isa = XCBuildConfiguration;
			buildSettings = {
				ALWAYS_EMBED_SWIFT_STANDARD_LIBRARIES = YES;
				DEVELOPMENT_TEAM = VDWJ8UMBJ6;
				INFOPLIST_FILE = "Spending Splitter 2.0UITests/Info.plist";
				LD_RUNPATH_SEARCH_PATHS = "$(inherited) @executable_path/Frameworks @loader_path/Frameworks";
				PRODUCT_BUNDLE_IDENTIFIER = "com.calvinchestnut.Spending-Splitter-2-0UITests";
				PRODUCT_NAME = "$(TARGET_NAME)";
				SWIFT_VERSION = 3.0;
				TEST_TARGET_NAME = "Spending Splitter 2.0";
			};
			name = Release;
		};
/* End XCBuildConfiguration section */

/* Begin XCConfigurationList section */
		3E0A8FC61D7BB7FD008E3B9D /* Build configuration list for PBXNativeTarget "Today's Split" */ = {
			isa = XCConfigurationList;
			buildConfigurations = (
				3E0A8FC71D7BB7FD008E3B9D /* Debug */,
				3E0A8FC81D7BB7FD008E3B9D /* Release */,
			);
			defaultConfigurationIsVisible = 0;
			defaultConfigurationName = Release;
		};
		3EF8F8691D76705600324861 /* Build configuration list for PBXProject "Spending Splitter 2.0" */ = {
			isa = XCConfigurationList;
			buildConfigurations = (
				3EF8F8941D76705600324861 /* Debug */,
				3EF8F8951D76705600324861 /* Release */,
			);
			defaultConfigurationIsVisible = 0;
			defaultConfigurationName = Release;
		};
		3EF8F8961D76705600324861 /* Build configuration list for PBXNativeTarget "Spending Splitter 2.0" */ = {
			isa = XCConfigurationList;
			buildConfigurations = (
				3EF8F8971D76705600324861 /* Debug */,
				3EF8F8981D76705600324861 /* Release */,
			);
			defaultConfigurationIsVisible = 0;
			defaultConfigurationName = Release;
		};
		3EF8F8991D76705600324861 /* Build configuration list for PBXNativeTarget "Spending Splitter 2.0Tests" */ = {
			isa = XCConfigurationList;
			buildConfigurations = (
				3EF8F89A1D76705600324861 /* Debug */,
				3EF8F89B1D76705600324861 /* Release */,
			);
			defaultConfigurationIsVisible = 0;
			defaultConfigurationName = Release;
		};
		3EF8F89C1D76705600324861 /* Build configuration list for PBXNativeTarget "Spending Splitter 2.0UITests" */ = {
			isa = XCConfigurationList;
			buildConfigurations = (
				3EF8F89D1D76705600324861 /* Debug */,
				3EF8F89E1D76705600324861 /* Release */,
			);
			defaultConfigurationIsVisible = 0;
			defaultConfigurationName = Release;
		};
/* End XCConfigurationList section */
	};
	rootObject = 3EF8F8661D76705600324861 /* Project object */;
}
